
Microsoft Visual Studio Solution File, Format Version 12.00
# Visual Studio Version 17
VisualStudioVersion = 17.7.34221.43
MinimumVisualStudioVersion = 10.0.40219.1
Project("{9A19103F-16F7-4668-BE54-9A1E7A4F7556}") = "CategoryAndItemAPI", "CategoryAndItemAPI\CategoryAndItemAPI.csproj", "{689780A1-591C-4659-9FEF-552EE33FA14D}"
EndProject
Project("{9A19103F-16F7-4668-BE54-9A1E7A4F7556}") = "CategoryAndItemAPI.DAL", "CategoryAndItemAPI.DAL\CategoryAndItemAPI.DAL.csproj", "{C786CC90-9BED-4263-99CE-4D8066BA6183}"
EndProject
Project("{FAE04EC0-301F-11D3-BF4B-00C04F79EFBC}") = "CategoryAndItemAPI.BLL", "CategoryAndItemAPI.BLL\CategoryAndItemAPI.BLL.csproj", "{975D9B3E-9176-44A9-910C-488F5524FCA6}"
EndProject
Global
	GlobalSection(SolutionConfigurationPlatforms) = preSolution
		Debug|Any CPU = Debug|Any CPU
		Release|Any CPU = Release|Any CPU
	EndGlobalSection
	GlobalSection(ProjectConfigurationPlatforms) = postSolution
		{689780A1-591C-4659-9FEF-552EE33FA14D}.Debug|Any CPU.ActiveCfg = Debug|Any CPU
		{689780A1-591C-4659-9FEF-552EE33FA14D}.Debug|Any CPU.Build.0 = Debug|Any CPU
		{689780A1-591C-4659-9FEF-552EE33FA14D}.Release|Any CPU.ActiveCfg = Release|Any CPU
		{689780A1-591C-4659-9FEF-552EE33FA14D}.Release|Any CPU.Build.0 = Release|Any CPU
		{C786CC90-9BED-4263-99CE-4D8066BA6183}.Debug|Any CPU.ActiveCfg = Debug|Any CPU
		{C786CC90-9BED-4263-99CE-4D8066BA6183}.Debug|Any CPU.Build.0 = Debug|Any CPU
		{C786CC90-9BED-4263-99CE-4D8066BA6183}.Release|Any CPU.ActiveCfg = Release|Any CPU
		{C786CC90-9BED-4263-99CE-4D8066BA6183}.Release|Any CPU.Build.0 = Release|Any CPU
		{975D9B3E-9176-44A9-910C-488F5524FCA6}.Debug|Any CPU.ActiveCfg = Debug|Any CPU
		{975D9B3E-9176-44A9-910C-488F5524FCA6}.Debug|Any CPU.Build.0 = Debug|Any CPU
		{975D9B3E-9176-44A9-910C-488F5524FCA6}.Release|Any CPU.ActiveCfg = Release|Any CPU
		{975D9B3E-9176-44A9-910C-488F5524FCA6}.Release|Any CPU.Build.0 = Release|Any CPU
	EndGlobalSection
	GlobalSection(SolutionProperties) = preSolution
		HideSolutionNode = FALSE
	EndGlobalSection
	GlobalSection(ExtensibilityGlobals) = postSolution
		SolutionGuid = {1562CF00-570A-451C-B4CA-B81B66727FFF}
	EndGlobalSection
EndGlobal
